
Microsoft Visual Studio Solution File, Format Version 12.00
Project("{FAE04EC0-301F-11D3-BF4B-00C04F79EFBC}") = "Application", "Application\Application.csproj", "{FE5678A4-6162-486E-874D-590A70790931}"
EndProject
Project("{FAE04EC0-301F-11D3-BF4B-00C04F79EFBC}") = "Scene-Analyzer", "Scene-Analyzer\Scene-Analyzer.csproj", "{FAD8089B-D7DA-4357-BDEB-E0E69472F2B3}"
EndProject
Global
	GlobalSection(SolutionConfigurationPlatforms) = preSolution
		Debug|Any CPU = Debug|Any CPU
		Release|Any CPU = Release|Any CPU
	EndGlobalSection
	GlobalSection(ProjectConfigurationPlatforms) = postSolution
		{FE5678A4-6162-486E-874D-590A70790931}.Debug|Any CPU.ActiveCfg = Debug|Any CPU
		{FE5678A4-6162-486E-874D-590A70790931}.Debug|Any CPU.Build.0 = Debug|Any CPU
		{FE5678A4-6162-486E-874D-590A70790931}.Release|Any CPU.ActiveCfg = Release|Any CPU
		{FE5678A4-6162-486E-874D-590A70790931}.Release|Any CPU.Build.0 = Release|Any CPU
		{FAD8089B-D7DA-4357-BDEB-E0E69472F2B3}.Debug|Any CPU.ActiveCfg = Debug|Any CPU
		{FAD8089B-D7DA-4357-BDEB-E0E69472F2B3}.Debug|Any CPU.Build.0 = Debug|Any CPU
		{FAD8089B-D7DA-4357-BDEB-E0E69472F2B3}.Release|Any CPU.ActiveCfg = Release|Any CPU
		{FAD8089B-D7DA-4357-BDEB-E0E69472F2B3}.Release|Any CPU.Build.0 = Release|Any CPU
	EndGlobalSection
EndGlobal
